Microsoft Visual Studio Solution File, Format Version 12.00
# Visual Studio Version 17
VisualStudioVersion = 17.5.2.0
MinimumVisualStudioVersion = 10.0.40219.1
Project("{FAE04EC0-301F-11D3-BF4B-00C04F79EFBC}") = "SistemaPontoBackend", "SistemaPontoBackend\SistemaPontoBackend.csproj", "{D6A317BC-0CDD-C35D-7F42-3A22D826ADB7}"
EndProject
Global
	GlobalSection(SolutionConfigurationPlatforms) = preSolution
		Debug|Any CPU = Debug|Any CPU
		Release|Any CPU = Release|Any CPU
	EndGlobalSection
	GlobalSection(ProjectConfigurationPlatforms) = postSolution
		{D6A317BC-0CDD-C35D-7F42-3A22D826ADB7}.Debug|Any CPU.ActiveCfg = Debug|Any CPU
		{D6A317BC-0CDD-C35D-7F42-3A22D826ADB7}.Debug|Any CPU.Build.0 = Debug|Any CPU
		{D6A317BC-0CDD-C35D-7F42-3A22D826ADB7}.Release|Any CPU.ActiveCfg = Release|Any CPU
		{D6A317BC-0CDD-C35D-7F42-3A22D826ADB7}.Release|Any CPU.Build.0 = Release|Any CPU
	EndGlobalSection
	GlobalSection(SolutionProperties) = preSolution
		HideSolutionNode = FALSE
	EndGlobalSection
	GlobalSection(ExtensibilityGlobals) = postSolution
		SolutionGuid = {F9D1BA88-FB77-4BA4-8658-E7F54494009B}
	EndGlobalSection
EndGlobal
