Microsoft Visual Studio Solution File, Format Version 12.00
# Visual Studio Version 17
VisualStudioVersion = 17.5.2.0
MinimumVisualStudioVersion = 10.0.40219.1
Project("{FAE04EC0-301F-11D3-BF4B-00C04F79EFBC}") = "SistemaPontoBackend", "SistemaPontoBackend.csproj", "{22BCF3CB-B06F-0046-5BD2-2B7B043967B2}"
EndProject
Global
	GlobalSection(SolutionConfigurationPlatforms) = preSolution
		Debug|Any CPU = Debug|Any CPU
		Release|Any CPU = Release|Any CPU
	EndGlobalSection
	GlobalSection(ProjectConfigurationPlatforms) = postSolution
		{22BCF3CB-B06F-0046-5BD2-2B7B043967B2}.Debug|Any CPU.ActiveCfg = Debug|Any CPU
		{22BCF3CB-B06F-0046-5BD2-2B7B043967B2}.Debug|Any CPU.Build.0 = Debug|Any CPU
		{22BCF3CB-B06F-0046-5BD2-2B7B043967B2}.Release|Any CPU.ActiveCfg = Release|Any CPU
		{22BCF3CB-B06F-0046-5BD2-2B7B043967B2}.Release|Any CPU.Build.0 = Release|Any CPU
	EndGlobalSection
	GlobalSection(SolutionProperties) = preSolution
		HideSolutionNode = FALSE
	EndGlobalSection
	GlobalSection(ExtensibilityGlobals) = postSolution
		SolutionGuid = {16ADE0FF-BD1F-4A58-B434-0447D8542573}
	EndGlobalSection
EndGlobal
